
Microsoft Visual Studio Solution File, Format Version 12.00
# Visual Studio 15
VisualStudioVersion = 15.0.26124.0
MinimumVisualStudioVersion = 15.0.26124.0
Project("{9A19103F-16F7-4668-BE54-9A1E7A4F7556}") = "Cognito.WebApi", "Cognito.WebApi\Cognito.WebApi.csproj", "{DF84499E-6559-48DE-930E-891D083192C8}"
EndProject
Project("{FAE04EC0-301F-11D3-BF4B-00C04F79EFBC}") = "Cognito.Tests", "Cognito.Tests\Cognito.Tests.csproj", "{F0D80048-1C4A-4AFA-83BD-18980222EC69}"
EndProject
Global
	GlobalSection(SolutionConfigurationPlatforms) = preSolution
		Debug|Any CPU = Debug|Any CPU
		Debug|x64 = Debug|x64
		Debug|x86 = Debug|x86
		Release|Any CPU = Release|Any CPU
		Release|x64 = Release|x64
		Release|x86 = Release|x86
	EndGlobalSection
	GlobalSection(ProjectConfigurationPlatforms) = postSolution
		{DF84499E-6559-48DE-930E-891D083192C8}.Debug|Any CPU.ActiveCfg = Debug|Any CPU
		{DF84499E-6559-48DE-930E-891D083192C8}.Debug|Any CPU.Build.0 = Debug|Any CPU
		{DF84499E-6559-48DE-930E-891D083192C8}.Debug|x64.ActiveCfg = Debug|Any CPU
		{DF84499E-6559-48DE-930E-891D083192C8}.Debug|x64.Build.0 = Debug|Any CPU
		{DF84499E-6559-48DE-930E-891D083192C8}.Debug|x86.ActiveCfg = Debug|Any CPU
		{DF84499E-6559-48DE-930E-891D083192C8}.Debug|x86.Build.0 = Debug|Any CPU
		{DF84499E-6559-48DE-930E-891D083192C8}.Release|Any CPU.ActiveCfg = Release|Any CPU
		{DF84499E-6559-48DE-930E-891D083192C8}.Release|Any CPU.Build.0 = Release|Any CPU
		{DF84499E-6559-48DE-930E-891D083192C8}.Release|x64.ActiveCfg = Release|Any CPU
		{DF84499E-6559-48DE-930E-891D083192C8}.Release|x64.Build.0 = Release|Any CPU
		{DF84499E-6559-48DE-930E-891D083192C8}.Release|x86.ActiveCfg = Release|Any CPU
		{DF84499E-6559-48DE-930E-891D083192C8}.Release|x86.Build.0 = Release|Any CPU
		{F0D80048-1C4A-4AFA-83BD-18980222EC69}.Debug|Any CPU.ActiveCfg = Debug|Any CPU
		{F0D80048-1C4A-4AFA-83BD-18980222EC69}.Debug|Any CPU.Build.0 = Debug|Any CPU
		{F0D80048-1C4A-4AFA-83BD-18980222EC69}.Debug|x64.ActiveCfg = Debug|Any CPU
		{F0D80048-1C4A-4AFA-83BD-18980222EC69}.Debug|x64.Build.0 = Debug|Any CPU
		{F0D80048-1C4A-4AFA-83BD-18980222EC69}.Debug|x86.ActiveCfg = Debug|Any CPU
		{F0D80048-1C4A-4AFA-83BD-18980222EC69}.Debug|x86.Build.0 = Debug|Any CPU
		{F0D80048-1C4A-4AFA-83BD-18980222EC69}.Release|Any CPU.ActiveCfg = Release|Any CPU
		{F0D80048-1C4A-4AFA-83BD-18980222EC69}.Release|Any CPU.Build.0 = Release|Any CPU
		{F0D80048-1C4A-4AFA-83BD-18980222EC69}.Release|x64.ActiveCfg = Release|Any CPU
		{F0D80048-1C4A-4AFA-83BD-18980222EC69}.Release|x64.Build.0 = Release|Any CPU
		{F0D80048-1C4A-4AFA-83BD-18980222EC69}.Release|x86.ActiveCfg = Release|Any CPU
		{F0D80048-1C4A-4AFA-83BD-18980222EC69}.Release|x86.Build.0 = Release|Any CPU
	EndGlobalSection
	GlobalSection(SolutionProperties) = preSolution
		HideSolutionNode = FALSE
	EndGlobalSection
	GlobalSection(ExtensibilityGlobals) = postSolution
		SolutionGuid = {E4061A38-92D4-409F-ABB0-1FEF67EAF051}
	EndGlobalSection
EndGlobal
